
Microsoft Visual Studio Solution File, Format Version 12.00
# Visual Studio Version 17
VisualStudioVersion = 17.8.34511.84
MinimumVisualStudioVersion = 10.0.40219.1
Project("{FAE04EC0-301F-11D3-BF4B-00C04F79EFBC}") = "Guess The Number Game 2", "Guess The Number Game 2\Guess The Number Game 2.csproj", "{DC2DF430-9A32-4ED9-86B8-DAD2B000C747}"
EndProject
Global
	GlobalSection(SolutionConfigurationPlatforms) = preSolution
		Debug|Any CPU = Debug|Any CPU
		Release|Any CPU = Release|Any CPU
	EndGlobalSection
	GlobalSection(ProjectConfigurationPlatforms) = postSolution
		{DC2DF430-9A32-4ED9-86B8-DAD2B000C747}.Debug|Any CPU.ActiveCfg = Debug|Any CPU
		{DC2DF430-9A32-4ED9-86B8-DAD2B000C747}.Debug|Any CPU.Build.0 = Debug|Any CPU
		{DC2DF430-9A32-4ED9-86B8-DAD2B000C747}.Release|Any CPU.ActiveCfg = Release|Any CPU
		{DC2DF430-9A32-4ED9-86B8-DAD2B000C747}.Release|Any CPU.Build.0 = Release|Any CPU
	EndGlobalSection
	GlobalSection(SolutionProperties) = preSolution
		HideSolutionNode = FALSE
	EndGlobalSection
	GlobalSection(ExtensibilityGlobals) = postSolution
		SolutionGuid = {EA50C7A2-38EB-45FA-AA63-C9A144EF5648}
	EndGlobalSection
EndGlobal
